
Microsoft Visual Studio Solution File, Format Version 12.00
# Visual Studio Version 16
VisualStudioVersion = 16.0.29905.134
MinimumVisualStudioVersion = 10.0.40219.1
Project("{FAE04EC0-301F-11D3-BF4B-00C04F79EFBC}") = "Numbers", "Numbers\Numbers.csproj", "{7735AF87-BA7C-47D5-8C3E-3103759DAA6A}"
EndProject
Global
	GlobalSection(SolutionConfigurationPlatforms) = preSolution
		Debug|Any CPU = Debug|Any CPU
		Release|Any CPU = Release|Any CPU
	EndGlobalSection
	GlobalSection(ProjectConfigurationPlatforms) = postSolution
		{7735AF87-BA7C-47D5-8C3E-3103759DAA6A}.Debug|Any CPU.ActiveCfg = Debug|Any CPU
		{7735AF87-BA7C-47D5-8C3E-3103759DAA6A}.Debug|Any CPU.Build.0 = Debug|Any CPU
		{7735AF87-BA7C-47D5-8C3E-3103759DAA6A}.Release|Any CPU.ActiveCfg = Release|Any CPU
		{7735AF87-BA7C-47D5-8C3E-3103759DAA6A}.Release|Any CPU.Build.0 = Release|Any CPU
	EndGlobalSection
	GlobalSection(SolutionProperties) = preSolution
		HideSolutionNode = FALSE
	EndGlobalSection
	GlobalSection(ExtensibilityGlobals) = postSolution
		SolutionGuid = {67A63A58-91EF-47E4-94EF-348EB680B65D}
	EndGlobalSection
EndGlobal
